
Microsoft Visual Studio Solution File, Format Version 12.00
# Visual Studio Version 16
VisualStudioVersion = 16.0.30804.86
MinimumVisualStudioVersion = 10.0.40219.1
Project("{FAE04EC0-301F-11D3-BF4B-00C04F79EFBC}") = "GraWStatkiLibrary", "GraWStatkiLibrary\GraWStatkiLibrary.csproj", "{66E43CC8-6877-4EED-A9D4-168B36745DB3}"
EndProject
Global
	GlobalSection(SolutionConfigurationPlatforms) = preSolution
		Debug|Any CPU = Debug|Any CPU
		Release|Any CPU = Release|Any CPU
	EndGlobalSection
	GlobalSection(ProjectConfigurationPlatforms) = postSolution
		{66E43CC8-6877-4EED-A9D4-168B36745DB3}.Debug|Any CPU.ActiveCfg = Debug|Any CPU
		{66E43CC8-6877-4EED-A9D4-168B36745DB3}.Debug|Any CPU.Build.0 = Debug|Any CPU
		{66E43CC8-6877-4EED-A9D4-168B36745DB3}.Release|Any CPU.ActiveCfg = Release|Any CPU
		{66E43CC8-6877-4EED-A9D4-168B36745DB3}.Release|Any CPU.Build.0 = Release|Any CPU
	EndGlobalSection
	GlobalSection(SolutionProperties) = preSolution
		HideSolutionNode = FALSE
	EndGlobalSection
	GlobalSection(ExtensibilityGlobals) = postSolution
		SolutionGuid = {CC2079CD-A453-4513-B429-DCDABE7EBE52}
	EndGlobalSection
EndGlobal
