
Microsoft Visual Studio Solution File, Format Version 12.00
# Visual Studio Version 16
VisualStudioVersion = 16.0.30804.86
MinimumVisualStudioVersion = 10.0.40219.1
Project("{FAE04EC0-301F-11D3-BF4B-00C04F79EFBC}") = "Lesson3-Debugging", "Lesson3-Debugging.csproj", "{D3760B18-533E-4A51-B4D0-D74613C8A28F}"
EndProject
Global
	GlobalSection(SolutionConfigurationPlatforms) = preSolution
		Debug|Any CPU = Debug|Any CPU
		Release|Any CPU = Release|Any CPU
	EndGlobalSection
	GlobalSection(ProjectConfigurationPlatforms) = postSolution
		{D3760B18-533E-4A51-B4D0-D74613C8A28F}.Debug|Any CPU.ActiveCfg = Debug|Any CPU
		{D3760B18-533E-4A51-B4D0-D74613C8A28F}.Debug|Any CPU.Build.0 = Debug|Any CPU
		{D3760B18-533E-4A51-B4D0-D74613C8A28F}.Release|Any CPU.ActiveCfg = Release|Any CPU
		{D3760B18-533E-4A51-B4D0-D74613C8A28F}.Release|Any CPU.Build.0 = Release|Any CPU
	EndGlobalSection
	GlobalSection(SolutionProperties) = preSolution
		HideSolutionNode = FALSE
	EndGlobalSection
	GlobalSection(ExtensibilityGlobals) = postSolution
		SolutionGuid = {5EAD7CF4-8A3D-4219-9250-B77144C438C4}
	EndGlobalSection
EndGlobal
