
Microsoft Visual Studio Solution File, Format Version 12.00
# Visual Studio Version 16
VisualStudioVersion = 16.0.31005.135
MinimumVisualStudioVersion = 10.0.40219.1
Project("{FAE04EC0-301F-11D3-BF4B-00C04F79EFBC}") = "lesson1", "lesson1\lesson1.csproj", "{A1AC33AE-B30B-4AF7-B1C2-77B24EE62B92}"
EndProject
Global
	GlobalSection(SolutionConfigurationPlatforms) = preSolution
		Debug|Any CPU = Debug|Any CPU
		Release|Any CPU = Release|Any CPU
	EndGlobalSection
	GlobalSection(ProjectConfigurationPlatforms) = postSolution
		{A1AC33AE-B30B-4AF7-B1C2-77B24EE62B92}.Debug|Any CPU.ActiveCfg = Debug|Any CPU
		{A1AC33AE-B30B-4AF7-B1C2-77B24EE62B92}.Debug|Any CPU.Build.0 = Debug|Any CPU
		{A1AC33AE-B30B-4AF7-B1C2-77B24EE62B92}.Release|Any CPU.ActiveCfg = Release|Any CPU
		{A1AC33AE-B30B-4AF7-B1C2-77B24EE62B92}.Release|Any CPU.Build.0 = Release|Any CPU
	EndGlobalSection
	GlobalSection(SolutionProperties) = preSolution
		HideSolutionNode = FALSE
	EndGlobalSection
	GlobalSection(ExtensibilityGlobals) = postSolution
		SolutionGuid = {CC4D58FD-3B14-43E9-A293-F8781D662066}
	EndGlobalSection
EndGlobal
