
Microsoft Visual Studio Solution File, Format Version 12.00
# Visual Studio Version 16
VisualStudioVersion = 16.0.30804.86
MinimumVisualStudioVersion = 10.0.40219.1
Project("{FAE04EC0-301F-11D3-BF4B-00C04F79EFBC}") = "Section2", "Section2.csproj", "{C87B8918-CFFB-42CA-A8FB-88622C4F6ADF}"
EndProject
Global
	GlobalSection(SolutionConfigurationPlatforms) = preSolution
		Debug|Any CPU = Debug|Any CPU
		Release|Any CPU = Release|Any CPU
	EndGlobalSection
	GlobalSection(ProjectConfigurationPlatforms) = postSolution
		{C87B8918-CFFB-42CA-A8FB-88622C4F6ADF}.Debug|Any CPU.ActiveCfg = Debug|Any CPU
		{C87B8918-CFFB-42CA-A8FB-88622C4F6ADF}.Debug|Any CPU.Build.0 = Debug|Any CPU
		{C87B8918-CFFB-42CA-A8FB-88622C4F6ADF}.Release|Any CPU.ActiveCfg = Release|Any CPU
		{C87B8918-CFFB-42CA-A8FB-88622C4F6ADF}.Release|Any CPU.Build.0 = Release|Any CPU
	EndGlobalSection
	GlobalSection(SolutionProperties) = preSolution
		HideSolutionNode = FALSE
	EndGlobalSection
	GlobalSection(ExtensibilityGlobals) = postSolution
		SolutionGuid = {3B0B7A75-4481-4555-9122-E2F7FA8F7FBA}
	EndGlobalSection
EndGlobal
